zappem.net/pub/graphics/svgof v0.5.3 h1:ZieHZSBWP6WknHruP7QP32e+2MmkeaxYBSqj4DARsKE=
zappem.net/pub/graphics/svgof v0.5.3/go.mod h1:GKUUTS0rjonAAYr0LK7RO4aV42vGg6rxL3DfBKP3Wuc=
zappem.net/pub/math/polygon v0.9.15 h1:Aq0Dj3ilodxfXlDAQUtou+190JJzgC3qdM/Ww2Fxr8M=
zappem.net/pub/math/polygon v0.9.15/go.mod h1:u6/3+TRLWGqqVIgArTaWPpZQDgg4O6YP51AUjjMYUG8=
