zappem.net/pub/graphics/svgof v0.5.2 h1:2jv++kOUafxaCkJ5Gkjz+dkMtMWn0lC7gFnxjEei6aA=
zappem.net/pub/graphics/svgof v0.5.2/go.mod h1:GKUUTS0rjonAAYr0LK7RO4aV42vGg6rxL3DfBKP3Wuc=
zappem.net/pub/math/polygon v0.9.13 h1:lccSf00hkNMw7soCGyh/K6HsIISxlSL8TsXaJGkYFRk=
zappem.net/pub/math/polygon v0.9.13/go.mod h1:u6/3+TRLWGqqVIgArTaWPpZQDgg4O6YP51AUjjMYUG8=
